// !$*UTF8*$!
{
	archiveVersion = 1;
	classes = {
	};
	objectVersion = 50;
	objects = {

/* Begin PBXBuildFile section */
		2939650020A105890084059F /* User.swift in Sources */ = {isa = PBXBuildFile; fileRef = 293964FF20A105890084059F /* User.swift */; };
		2945AC5420D4454900AE155B /* Tracker.xcdatamodeld in Sources */ = {isa = PBXBuildFile; fileRef = 2945AC5120D4454900AE155B /* Tracker.xcdatamodeld */; };
		2945AC5620D449E700AE155B /* DBActivity.swift in Sources */ = {isa = PBXBuildFile; fileRef = 2945AC5520D449E700AE155B /* DBActivity.swift */; };
		2945AC6120D45BE200AE155B /* CoreDataManager.swift in Sources */ = {isa = PBXBuildFile; fileRef = 2945AC5920D45BE200AE155B /* CoreDataManager.swift */; };
		2945AC6220D45BE200AE155B /* NSManagedObjectContext+Observers.swift in Sources */ = {isa = PBXBuildFile; fileRef = 2945AC5A20D45BE200AE155B /* NSManagedObjectContext+Observers.swift */; };
		2945AC6320D45BE200AE155B /* NSManagedObjectContext+Extensions.swift in Sources */ = {isa = PBXBuildFile; fileRef = 2945AC5B20D45BE200AE155B /* NSManagedObjectContext+Extensions.swift */; };
		2945AC6420D45BE200AE155B /* EntityAndPredicate.swift in Sources */ = {isa = PBXBuildFile; fileRef = 2945AC5C20D45BE200AE155B /* EntityAndPredicate.swift */; };
		2945AC6720D45BE200AE155B /* TrakkersStack.swift in Sources */ = {isa = PBXBuildFile; fileRef = 2945AC5F20D45BE200AE155B /* TrakkersStack.swift */; };
		2945AC6820D45BE200AE155B /* Managed.swift in Sources */ = {isa = PBXBuildFile; fileRef = 2945AC6020D45BE200AE155B /* Managed.swift */; };
		295FB6DD20A4B84700E751F3 /* String+Trackers.swift in Sources */ = {isa = PBXBuildFile; fileRef = 295FB6DC20A4B84700E751F3 /* String+Trackers.swift */; };
		295FB6DF20A4B8EB00E751F3 /* Int+Double+Trackers.swift in Sources */ = {isa = PBXBuildFile; fileRef = 295FB6DE20A4B8EB00E751F3 /* Int+Double+Trackers.swift */; };
		2997D94720D6EE71000E42FE /* TrackerTableViewCell.swift in Sources */ = {isa = PBXBuildFile; fileRef = 2997D94620D6EE71000E42FE /* TrackerTableViewCell.swift */; };
		2997D94B20D70751000E42FE /* String + Date.swift in Sources */ = {isa = PBXBuildFile; fileRef = 2997D94A20D70751000E42FE /* String + Date.swift */; };
		29AB4ADB2095ABD1002C399B /* AppDelegate.swift in Sources */ = {isa = PBXBuildFile; fileRef = 29AB4ADA2095ABD1002C399B /* AppDelegate.swift */; };
		29AB4ADD2095ABD1002C399B /* StatusTabelViewController.swift in Sources */ = {isa = PBXBuildFile; fileRef = 29AB4ADC2095ABD1002C399B /* StatusTabelViewController.swift */; };
		29AB4ADF2095ABD1002C399B /* ActivityViewController.swift in Sources */ = {isa = PBXBuildFile; fileRef = 29AB4ADE2095ABD1002C399B /* ActivityViewController.swift */; };
		29AB4AE22095ABD2002C399B /* Main.storyboard in Resources */ = {isa = PBXBuildFile; fileRef = 29AB4AE02095ABD1002C399B /* Main.storyboard */; };
		29AB4AE42095ABD3002C399B /* Assets.xcassets in Resources */ = {isa = PBXBuildFile; fileRef = 29AB4AE32095ABD3002C399B /* Assets.xcassets */; };
		29AB4AE72095ABD3002C399B /* LaunchScreen.storyboard in Resources */ = {isa = PBXBuildFile; fileRef = 29AB4AE52095ABD3002C399B /* LaunchScreen.storyboard */; };
		29AB4AF1209A3392002C399B /* ProfileViewController.swift in Sources */ = {isa = PBXBuildFile; fileRef = 29AB4AF0209A3392002C399B /* ProfileViewController.swift */; };
		29AB4AF5209A34E7002C399B /* MainTabBarController.swift in Sources */ = {isa = PBXBuildFile; fileRef = 29AB4AF4209A34E7002C399B /* MainTabBarController.swift */; };
		29B1C41620D878C3001181C9 /* TimerManager.swift in Sources */ = {isa = PBXBuildFile; fileRef = 29B1C41520D878C3001181C9 /* TimerManager.swift */; };
		29D4BAAE20C551AB004A1A69 /* MapViewController.swift in Sources */ = {isa = PBXBuildFile; fileRef = 29D4BAAD20C551AB004A1A69 /* MapViewController.swift */; };
		29D7517A20D07F8500FE6E45 /* CurrentActivity.swift in Sources */ = {isa = PBXBuildFile; fileRef = 29D7517920D07F8500FE6E45 /* CurrentActivity.swift */; };
		29E247D120D934560037DF5B /* Converter.swift in Sources */ = {isa = PBXBuildFile; fileRef = 29E247D020D934560037DF5B /* Converter.swift */; };
		605C2FBD3F3435AC9FAC5165 /* Pods_Tracker.framework in Frameworks */ = {isa = PBXBuildFile; fileRef = 5C86B8471E1ACBAE5B9BDB25 /* Pods_Tracker.framework */; };
/* End PBXBuildFile section */

/* Begin PBXFileReference section */
		293964FF20A105890084059F /* User.swift */ = {isa = PBXFileReference; lastKnownFileType = sourcecode.swift; path = User.swift; sourceTree = "<group>"; };
		2945AC5220D4454900AE155B /* Tracker.xcdatamodel */ = {isa = PBXFileReference; lastKnownFileType = wrapper.xcdatamodel; path = Tracker.xcdatamodel; sourceTree = "<group>"; };
		2945AC5320D4454900AE155B /* Model.xcdatamodel */ = {isa = PBXFileReference; lastKnownFileType = wrapper.xcdatamodel; path = Model.xcdatamodel; sourceTree = "<group>"; };
		2945AC5520D449E700AE155B /* DBActivity.swift */ = {isa = PBXFileReference; lastKnownFileType = sourcecode.swift; path = DBActivity.swift; sourceTree = "<group>"; };
		2945AC5920D45BE200AE155B /* CoreDataManager.swift */ = {isa = PBXFileReference; fileEncoding = 4; lastKnownFileType = sourcecode.swift; path = CoreDataManager.swift; sourceTree = "<group>"; };
		2945AC5A20D45BE200AE155B /* NSManagedObjectContext+Observers.swift */ = {isa = PBXFileReference; fileEncoding = 4; lastKnownFileType = sourcecode.swift; path = "NSManagedObjectContext+Observers.swift"; sourceTree = "<group>"; };
		2945AC5B20D45BE200AE155B /* NSManagedObjectContext+Extensions.swift */ = {isa = PBXFileReference; fileEncoding = 4; lastKnownFileType = sourcecode.swift; path = "NSManagedObjectContext+Extensions.swift"; sourceTree = "<group>"; };
		2945AC5C20D45BE200AE155B /* EntityAndPredicate.swift */ = {isa = PBXFileReference; fileEncoding = 4; lastKnownFileType = sourcecode.swift; path = EntityAndPredicate.swift; sourceTree = "<group>"; };
		2945AC5F20D45BE200AE155B /* TrakkersStack.swift */ = {isa = PBXFileReference; fileEncoding = 4; lastKnownFileType = sourcecode.swift; path = TrakkersStack.swift; sourceTree = "<group>"; };
		2945AC6020D45BE200AE155B /* Managed.swift */ = {isa = PBXFileReference; fileEncoding = 4; lastKnownFileType = sourcecode.swift; path = Managed.swift; sourceTree = "<group>"; };
		295FB6DC20A4B84700E751F3 /* String+Trackers.swift */ = {isa = PBXFileReference; lastKnownFileType = sourcecode.swift; path = "String+Trackers.swift"; sourceTree = "<group>"; };
		295FB6DE20A4B8EB00E751F3 /* Int+Double+Trackers.swift */ = {isa = PBXFileReference; lastKnownFileType = sourcecode.swift; path = "Int+Double+Trackers.swift"; sourceTree = "<group>"; };
		2997D94620D6EE71000E42FE /* TrackerTableViewCell.swift */ = {isa = PBXFileReference; lastKnownFileType = sourcecode.swift; path = TrackerTableViewCell.swift; sourceTree = "<group>"; };
		2997D94A20D70751000E42FE /* String + Date.swift */ = {isa = PBXFileReference; lastKnownFileType = sourcecode.swift; path = "String + Date.swift"; sourceTree = "<group>"; };
		29AB4AD72095ABD1002C399B /* Tracker.app */ = {isa = PBXFileReference; explicitFileType = wrapper.application; includeInIndex = 0; path = Tracker.app; sourceTree = BUILT_PRODUCTS_DIR; };
		29AB4ADA2095ABD1002C399B /* AppDelegate.swift */ = {isa = PBXFileReference; lastKnownFileType = sourcecode.swift; path = AppDelegate.swift; sourceTree = "<group>"; };
		29AB4ADC2095ABD1002C399B /* StatusTabelViewController.swift */ = {isa = PBXFileReference; lastKnownFileType = sourcecode.swift; path = StatusTabelViewController.swift; sourceTree = "<group>"; };
		29AB4ADE2095ABD1002C399B /* ActivityViewController.swift */ = {isa = PBXFileReference; lastKnownFileType = sourcecode.swift; path = ActivityViewController.swift; sourceTree = "<group>"; };
		29AB4AE12095ABD2002C399B /* Base */ = {isa = PBXFileReference; lastKnownFileType = file.storyboard; name = Base; path = Base.lproj/Main.storyboard; sourceTree = "<group>"; };
		29AB4AE32095ABD3002C399B /* Assets.xcassets */ = {isa = PBXFileReference; lastKnownFileType = folder.assetcatalog; path = Assets.xcassets; sourceTree = "<group>"; };
		29AB4AE62095ABD3002C399B /* Base */ = {isa = PBXFileReference; lastKnownFileType = file.storyboard; name = Base; path = Base.lproj/LaunchScreen.storyboard; sourceTree = "<group>"; };
		29AB4AE82095ABD3002C399B /* Info.plist */ = {isa = PBXFileReference; lastKnownFileType = text.plist.xml; path = Info.plist; sourceTree = "<group>"; };
		29AB4AF0209A3392002C399B /* ProfileViewController.swift */ = {isa = PBXFileReference; lastKnownFileType = sourcecode.swift; path = ProfileViewController.swift; sourceTree = "<group>"; };
		29AB4AF4209A34E7002C399B /* MainTabBarController.swift */ = {isa = PBXFileReference; lastKnownFileType = sourcecode.swift; path = MainTabBarController.swift; sourceTree = "<group>"; };
		29B1C41520D878C3001181C9 /* TimerManager.swift */ = {isa = PBXFileReference; lastKnownFileType = sourcecode.swift; path = TimerManager.swift; sourceTree = "<group>"; };
		29D4BAAD20C551AB004A1A69 /* MapViewController.swift */ = {isa = PBXFileReference; lastKnownFileType = sourcecode.swift; path = MapViewController.swift; sourceTree = "<group>"; };
		29D7517920D07F8500FE6E45 /* CurrentActivity.swift */ = {isa = PBXFileReference; lastKnownFileType = sourcecode.swift; path = CurrentActivity.swift; sourceTree = "<group>"; };
		29E247D020D934560037DF5B /* Converter.swift */ = {isa = PBXFileReference; lastKnownFileType = sourcecode.swift; path = Converter.swift; sourceTree = "<group>"; };
		3FA716368A9E10A061C0B1BD /* Pods-Tracker.release.xcconfig */ = {isa = PBXFileReference; includeInIndex = 1; lastKnownFileType = text.xcconfig; name = "Pods-Tracker.release.xcconfig"; path = "Pods/Target Support Files/Pods-Tracker/Pods-Tracker.release.xcconfig"; sourceTree = "<group>"; };
		49BCDDD5932B9BE90C9DB7AF /* Pods-Tracker.debug.xcconfig */ = {isa = PBXFileReference; includeInIndex = 1; lastKnownFileType = text.xcconfig; name = "Pods-Tracker.debug.xcconfig"; path = "Pods/Target Support Files/Pods-Tracker/Pods-Tracker.debug.xcconfig"; sourceTree = "<group>"; };
		5C86B8471E1ACBAE5B9BDB25 /* Pods_Tracker.framework */ = {isa = PBXFileReference; explicitFileType = wrapper.framework; includeInIndex = 0; path = Pods_Tracker.framework; sourceTree = BUILT_PRODUCTS_DIR; };
/* End PBXFileReference section */

/* Begin PBXFrameworksBuildPhase section */
		29AB4AD42095ABD1002C399B /* Frameworks */ = {
			isa = PBXFrameworksBuildPhase;
			buildActionMask = 2147483647;
			files = (
				605C2FBD3F3435AC9FAC5165 /* Pods_Tracker.framework in Frameworks */,
			);
			runOnlyForDeploymentPostprocessing = 0;
		};
/* End PBXFrameworksBuildPhase section */

/* Begin PBXGroup section */
		2141981791A2A7C0FFA00E8A /* Frameworks */ = {
			isa = PBXGroup;
			children = (
				5C86B8471E1ACBAE5B9BDB25 /* Pods_Tracker.framework */,
			);
			name = Frameworks;
			sourceTree = "<group>";
		};
		2945AC5720D449F100AE155B /* Model */ = {
			isa = PBXGroup;
			children = (
				2945AC5520D449E700AE155B /* DBActivity.swift */,
				29D7517920D07F8500FE6E45 /* CurrentActivity.swift */,
				293964FF20A105890084059F /* User.swift */,
			);
			path = Model;
			sourceTree = "<group>";
		};
		2945AC5820D45A6400AE155B /* CoreData */ = {
			isa = PBXGroup;
			children = (
				2945AC5920D45BE200AE155B /* CoreDataManager.swift */,
				2945AC5C20D45BE200AE155B /* EntityAndPredicate.swift */,
				2945AC6020D45BE200AE155B /* Managed.swift */,
				2945AC5B20D45BE200AE155B /* NSManagedObjectContext+Extensions.swift */,
				2945AC5A20D45BE200AE155B /* NSManagedObjectContext+Observers.swift */,
				2945AC5F20D45BE200AE155B /* TrakkersStack.swift */,
			);
			path = CoreData;
			sourceTree = "<group>";
		};
		295FB6E020A4BC7000E751F3 /* Extension */ = {
			isa = PBXGroup;
			children = (
				295FB6DC20A4B84700E751F3 /* String+Trackers.swift */,
				2997D94A20D70751000E42FE /* String + Date.swift */,
				295FB6DE20A4B8EB00E751F3 /* Int+Double+Trackers.swift */,
			);
			path = Extension;
			sourceTree = "<group>";
		};
		29AB4ACE2095ABD1002C399B = {
			isa = PBXGroup;
			children = (
				29AB4AD92095ABD1002C399B /* Tracker */,
				29AB4AD82095ABD1002C399B /* Products */,
				F8510C503685A599F2B66801 /* Pods */,
				2141981791A2A7C0FFA00E8A /* Frameworks */,
			);
			sourceTree = "<group>";
		};
		29AB4AD82095ABD1002C399B /* Products */ = {
			isa = PBXGroup;
			children = (
				29AB4AD72095ABD1002C399B /* Tracker.app */,
			);
			name = Products;
			sourceTree = "<group>";
		};
		29AB4AD92095ABD1002C399B /* Tracker */ = {
			isa = PBXGroup;
			children = (
				29B1C41720D87B72001181C9 /* Utils */,
				29B1C41920D87B99001181C9 /* View */,
				29B1C41820D87B81001181C9 /* Controller */,
				29AB4ADA2095ABD1002C399B /* AppDelegate.swift */,
				2945AC5820D45A6400AE155B /* CoreData */,
				2945AC5720D449F100AE155B /* Model */,
				2945AC5120D4454900AE155B /* Tracker.xcdatamodeld */,
				295FB6E020A4BC7000E751F3 /* Extension */,
				29AB4AF4209A34E7002C399B /* MainTabBarController.swift */,
				29AB4AE02095ABD1002C399B /* Main.storyboard */,
				29AB4AE32095ABD3002C399B /* Assets.xcassets */,
				29AB4AE52095ABD3002C399B /* LaunchScreen.storyboard */,
				29AB4AE82095ABD3002C399B /* Info.plist */,
			);
			path = Tracker;
			sourceTree = "<group>";
		};
		29B1C41720D87B72001181C9 /* Utils */ = {
			isa = PBXGroup;
			children = (
				29B1C41520D878C3001181C9 /* TimerManager.swift */,
			);
			path = Utils;
			sourceTree = "<group>";
		};
		29B1C41820D87B81001181C9 /* Controller */ = {
			isa = PBXGroup;
			children = (
				29AB4ADC2095ABD1002C399B /* StatusTabelViewController.swift */,
				29D4BAAD20C551AB004A1A69 /* MapViewController.swift */,
				29AB4ADE2095ABD1002C399B /* ActivityViewController.swift */,
				29AB4AF0209A3392002C399B /* ProfileViewController.swift */,
				29E247D020D934560037DF5B /* Converter.swift */,
			);
			path = Controller;
			sourceTree = "<group>";
		};
		29B1C41920D87B99001181C9 /* View */ = {
			isa = PBXGroup;
			children = (
				2997D94620D6EE71000E42FE /* TrackerTableViewCell.swift */,
			);
			path = View;
			sourceTree = "<group>";
		};
		F8510C503685A599F2B66801 /* Pods */ = {
			isa = PBXGroup;
			children = (
				49BCDDD5932B9BE90C9DB7AF /* Pods-Tracker.debug.xcconfig */,
				3FA716368A9E10A061C0B1BD /* Pods-Tracker.release.xcconfig */,
			);
			name = Pods;
			sourceTree = "<group>";
		};
/* End PBXGroup section */

/* Begin PBXNativeTarget section */
		29AB4AD62095ABD1002C399B /* Tracker */ = {
			isa = PBXNativeTarget;
			buildConfigurationList = 29AB4AEB2095ABD3002C399B /* Build configuration list for PBXNativeTarget "Tracker" */;
			buildPhases = (
				07676AD0212AA9064C432F51 /* [CP] Check Pods Manifest.lock */,
				29AB4AD32095ABD1002C399B /* Sources */,
				29AB4AD42095ABD1002C399B /* Frameworks */,
				29AB4AD52095ABD1002C399B /* Resources */,
				D05245CF3074EB370D577F58 /* [CP] Embed Pods Frameworks */,
			);
			buildRules = (
			);
			dependencies = (
			);
			name = Tracker;
			productName = Tracker;
			productReference = 29AB4AD72095ABD1002C399B /* Tracker.app */;
			productType = "com.apple.product-type.application";
		};
/* End PBXNativeTarget section */

/* Begin PBXProject section */
		29AB4ACF2095ABD1002C399B /* Project object */ = {
			isa = PBXProject;
			attributes = {
				LastSwiftUpdateCheck = 0930;
				LastUpgradeCheck = 0930;
				ORGANIZATIONNAME = Alena;
				TargetAttributes = {
					29AB4AD62095ABD1002C399B = {
						CreatedOnToolsVersion = 9.3;
						SystemCapabilities = {
							com.apple.BackgroundModes = {
								enabled = 1;
							};
						};
					};
				};
			};
			buildConfigurationList = 29AB4AD22095ABD1002C399B /* Build configuration list for PBXProject "Tracker" */;
			compatibilityVersion = "Xcode 9.3";
			developmentRegion = en;
			hasScannedForEncodings = 0;
			knownRegions = (
				en,
				Base,
			);
			mainGroup = 29AB4ACE2095ABD1002C399B;
			productRefGroup = 29AB4AD82095ABD1002C399B /* Products */;
			projectDirPath = "";
			projectRoot = "";
			targets = (
				29AB4AD62095ABD1002C399B /* Tracker */,
			);
		};
/* End PBXProject section */

/* Begin PBXResourcesBuildPhase section */
		29AB4AD52095ABD1002C399B /* Resources */ = {
			isa = PBXResourcesBuildPhase;
			buildActionMask = 2147483647;
			files = (
				29AB4AE72095ABD3002C399B /* LaunchScreen.storyboard in Resources */,
				29AB4AE42095ABD3002C399B /* Assets.xcassets in Resources */,
				29AB4AE22095ABD2002C399B /* Main.storyboard in Resources */,
			);
			runOnlyForDeploymentPostprocessing = 0;
		};
/* End PBXResourcesBuildPhase section */

/* Begin PBXShellScriptBuildPhase section */
		07676AD0212AA9064C432F51 /* [CP] Check Pods Manifest.lock */ = {
			isa = PBXShellScriptBuildPhase;
			buildActionMask = 2147483647;
			files = (
			);
			inputPaths = (
				"${PODS_PODFILE_DIR_PATH}/Podfile.lock",
				"${PODS_ROOT}/Manifest.lock",
			);
			name = "[CP] Check Pods Manifest.lock";
			outputPaths = (
				"$(DERIVED_FILE_DIR)/Pods-Tracker-checkManifestLockResult.txt",
			);
			runOnlyForDeploymentPostprocessing = 0;
			shellPath = /bin/sh;
			shellScript = "diff \"${PODS_PODFILE_DIR_PATH}/Podfile.lock\" \"${PODS_ROOT}/Manifest.lock\" > /dev/null\nif [ $? != 0 ] ; then\n    # print error to STDERR\n    echo \"error: The sandbox is not in sync with the Podfile.lock. Run 'pod install' or update your CocoaPods installation.\" >&2\n    exit 1\nfi\n# This output is used by Xcode 'outputs' to avoid re-running this script phase.\necho \"SUCCESS\" > \"${SCRIPT_OUTPUT_FILE_0}\"\n";
			showEnvVarsInLog = 0;
		};
		D05245CF3074EB370D577F58 /* [CP] Embed Pods Frameworks */ = {
			isa = PBXShellScriptBuildPhase;
			buildActionMask = 2147483647;
			files = (
			);
			inputPaths = (
				"${SRCROOT}/Pods/Target Support Files/Pods-Tracker/Pods-Tracker-frameworks.sh",
				"${BUILT_PRODUCTS_DIR}/TPKeyboardAvoiding/TPKeyboardAvoiding.framework",
			);
			name = "[CP] Embed Pods Frameworks";
			outputPaths = (
				"${TARGET_BUILD_DIR}/${FRAMEWORKS_FOLDER_PATH}/TPKeyboardAvoiding.framework",
			);
			runOnlyForDeploymentPostprocessing = 0;
			shellPath = /bin/sh;
			shellScript = "\"${SRCROOT}/Pods/Target Support Files/Pods-Tracker/Pods-Tracker-frameworks.sh\"\n";
			showEnvVarsInLog = 0;
		};
/* End PBXShellScriptBuildPhase section */

/* Begin PBXSourcesBuildPhase section */
		29AB4AD32095ABD1002C399B /* Sources */ = {
			isa = PBXSourcesBuildPhase;
			buildActionMask = 2147483647;
			files = (
				29D7517A20D07F8500FE6E45 /* CurrentActivity.swift in Sources */,
				2945AC6220D45BE200AE155B /* NSManagedObjectContext+Observers.swift in Sources */,
				2939650020A105890084059F /* User.swift in Sources */,
				29AB4ADF2095ABD1002C399B /* ActivityViewController.swift in Sources */,
				2945AC6420D45BE200AE155B /* EntityAndPredicate.swift in Sources */,
				29D4BAAE20C551AB004A1A69 /* MapViewController.swift in Sources */,
				2945AC5420D4454900AE155B /* Tracker.xcdatamodeld in Sources */,
				29AB4ADB2095ABD1002C399B /* AppDelegate.swift in Sources */,
				2945AC6820D45BE200AE155B /* Managed.swift in Sources */,
				2945AC5620D449E700AE155B /* DBActivity.swift in Sources */,
				2945AC6120D45BE200AE155B /* CoreDataManager.swift in Sources */,
				29AB4AF5209A34E7002C399B /* MainTabBarController.swift in Sources */,
				29E247D120D934560037DF5B /* Converter.swift in Sources */,
				29B1C41620D878C3001181C9 /* TimerManager.swift in Sources */,
				2945AC6720D45BE200AE155B /* TrakkersStack.swift in Sources */,
				295FB6DD20A4B84700E751F3 /* String+Trackers.swift in Sources */,
				29AB4AF1209A3392002C399B /* ProfileViewController.swift in Sources */,
				2997D94720D6EE71000E42FE /* TrackerTableViewCell.swift in Sources */,
				29AB4ADD2095ABD1002C399B /* StatusTabelViewController.swift in Sources */,
				295FB6DF20A4B8EB00E751F3 /* Int+Double+Trackers.swift in Sources */,
				2997D94B20D70751000E42FE /* String + Date.swift in Sources */,
				2945AC6320D45BE200AE155B /* NSManagedObjectContext+Extensions.swift in Sources */,
			);
			runOnlyForDeploymentPostprocessing = 0;
		};
/* End PBXSourcesBuildPhase section */

/* Begin PBXVariantGroup section */
		29AB4AE02095ABD1002C399B /* Main.storyboard */ = {
			isa = PBXVariantGroup;
			children = (
				29AB4AE12095ABD2002C399B /* Base */,
			);
			name = Main.storyboard;
			sourceTree = "<group>";
		};
		29AB4AE52095ABD3002C399B /* LaunchScreen.storyboard */ = {
			isa = PBXVariantGroup;
			children = (
				29AB4AE62095ABD3002C399B /* Base */,
			);
			name = LaunchScreen.storyboard;
			sourceTree = "<group>";
		};
/* End PBXVariantGroup section */

/* Begin XCBuildConfiguration section */
		29AB4AE92095ABD3002C399B /* Debug */ = {
			isa = XCBuildConfiguration;
			buildSettings = {
				ALWAYS_SEARCH_USER_PATHS = NO;
				CLANG_ANALYZER_NONNULL = YES;
				CLANG_ANALYZER_NUMBER_OBJECT_CONVERSION = YES_AGGRESSIVE;
				CLANG_CXX_LANGUAGE_STANDARD = "gnu++14";
				CLANG_CXX_LIBRARY = "libc++";
				CLANG_ENABLE_MODULES = YES;
				CLANG_ENABLE_OBJC_ARC = YES;
				CLANG_ENABLE_OBJC_WEAK = YES;
				CLANG_WARN_BLOCK_CAPTURE_AUTORELEASING = YES;
				CLANG_WARN_BOOL_CONVERSION = YES;
				CLANG_WARN_COMMA = YES;
				CLANG_WARN_CONSTANT_CONVERSION = YES;
				CLANG_WARN_DEPRECATED_OBJC_IMPLEMENTATIONS = YES;
				CLANG_WARN_DIRECT_OBJC_ISA_USAGE = YES_ERROR;
				CLANG_WARN_DOCUMENTATION_COMMENTS = YES;
				CLANG_WARN_EMPTY_BODY = YES;
				CLANG_WARN_ENUM_CONVERSION = YES;
				CLANG_WARN_INFINITE_RECURSION = YES;
				CLANG_WARN_INT_CONVERSION = YES;
				CLANG_WARN_NON_LITERAL_NULL_CONVERSION = YES;
				CLANG_WARN_OBJC_IMPLICIT_RETAIN_SELF = YES;
				CLANG_WARN_OBJC_LITERAL_CONVERSION = YES;
				CLANG_WARN_OBJC_ROOT_CLASS = YES_ERROR;
				CLANG_WARN_RANGE_LOOP_ANALYSIS = YES;
				CLANG_WARN_STRICT_PROTOTYPES = YES;
				CLANG_WARN_SUSPICIOUS_MOVE = YES;
				CLANG_WARN_UNGUARDED_AVAILABILITY = YES_AGGRESSIVE;
				CLANG_WARN_UNREACHABLE_CODE = YES;
				CLANG_WARN__DUPLICATE_METHOD_MATCH = YES;
				CODE_SIGN_IDENTITY = "iPhone Developer";
				COPY_PHASE_STRIP = NO;
				DEBUG_INFORMATION_FORMAT = dwarf;
				ENABLE_STRICT_OBJC_MSGSEND = YES;
				ENABLE_TESTABILITY = YES;
				GCC_C_LANGUAGE_STANDARD = gnu11;
				GCC_DYNAMIC_NO_PIC = NO;
				GCC_NO_COMMON_BLOCKS = YES;
				GCC_OPTIMIZATION_LEVEL = 0;
				GCC_PREPROCESSOR_DEFINITIONS = (
					"DEBUG=1",
					"$(inherited)",
				);
				GCC_WARN_64_TO_32_BIT_CONVERSION = YES;
				GCC_WARN_ABOUT_RETURN_TYPE = YES_ERROR;
				GCC_WARN_UNDECLARED_SELECTOR = YES;
				GCC_WARN_UNINITIALIZED_AUTOS = YES_AGGRESSIVE;
				GCC_WARN_UNUSED_FUNCTION = YES;
				GCC_WARN_UNUSED_VARIABLE = YES;
				IPHONEOS_DEPLOYMENT_TARGET = 11.3;
				MTL_ENABLE_DEBUG_INFO = YES;
				ONLY_ACTIVE_ARCH = YES;
				SDKROOT = iphoneos;
				SWIFT_ACTIVE_COMPILATION_CONDITIONS = DEBUG;
				SWIFT_OPTIMIZATION_LEVEL = "-Onone";
			};
			name = Debug;
		};
		29AB4AEA2095ABD3002C399B /* Release */ = {
			isa = XCBuildConfiguration;
			buildSettings = {
				ALWAYS_SEARCH_USER_PATHS = NO;
				CLANG_ANALYZER_NONNULL = YES;
				CLANG_ANALYZER_NUMBER_OBJECT_CONVERSION = YES_AGGRESSIVE;
				CLANG_CXX_LANGUAGE_STANDARD = "gnu++14";
				CLANG_CXX_LIBRARY = "libc++";
				CLANG_ENABLE_MODULES = YES;
				CLANG_ENABLE_OBJC_ARC = YES;
				CLANG_ENABLE_OBJC_WEAK = YES;
				CLANG_WARN_BLOCK_CAPTURE_AUTORELEASING = YES;
				CLANG_WARN_BOOL_CONVERSION = YES;
				CLANG_WARN_COMMA = YES;
				CLANG_WARN_CONSTANT_CONVERSION = YES;
				CLANG_WARN_DEPRECATED_OBJC_IMPLEMENTATIONS = YES;
				CLANG_WARN_DIRECT_OBJC_ISA_USAGE = YES_ERROR;
				CLANG_WARN_DOCUMENTATION_COMMENTS = YES;
				CLANG_WARN_EMPTY_BODY = YES;
				CLANG_WARN_ENUM_CONVERSION = YES;
				CLANG_WARN_INFINITE_RECURSION = YES;
				CLANG_WARN_INT_CONVERSION = YES;
				CLANG_WARN_NON_LITERAL_NULL_CONVERSION = YES;
				CLANG_WARN_OBJC_IMPLICIT_RETAIN_SELF = YES;
				CLANG_WARN_OBJC_LITERAL_CONVERSION = YES;
				CLANG_WARN_OBJC_ROOT_CLASS = YES_ERROR;
				CLANG_WARN_RANGE_LOOP_ANALYSIS = YES;
				CLANG_WARN_STRICT_PROTOTYPES = YES;
				CLANG_WARN_SUSPICIOUS_MOVE = YES;
				CLANG_WARN_UNGUARDED_AVAILABILITY = YES_AGGRESSIVE;
				CLANG_WARN_UNREACHABLE_CODE = YES;
				CLANG_WARN__DUPLICATE_METHOD_MATCH = YES;
				CODE_SIGN_IDENTITY = "iPhone Developer";
				COPY_PHASE_STRIP = NO;
				DEBUG_INFORMATION_FORMAT = "dwarf-with-dsym";
				ENABLE_NS_ASSERTIONS = NO;
				ENABLE_STRICT_OBJC_MSGSEND = YES;
				GCC_C_LANGUAGE_STANDARD = gnu11;
				GCC_NO_COMMON_BLOCKS = YES;
				GCC_WARN_64_TO_32_BIT_CONVERSION = YES;
				GCC_WARN_ABOUT_RETURN_TYPE = YES_ERROR;
				GCC_WARN_UNDECLARED_SELECTOR = YES;
				GCC_WARN_UNINITIALIZED_AUTOS = YES_AGGRESSIVE;
				GCC_WARN_UNUSED_FUNCTION = YES;
				GCC_WARN_UNUSED_VARIABLE = YES;
				IPHONEOS_DEPLOYMENT_TARGET = 11.3;
				MTL_ENABLE_DEBUG_INFO = NO;
				SDKROOT = iphoneos;
				SWIFT_COMPILATION_MODE = wholemodule;
				SWIFT_OPTIMIZATION_LEVEL = "-O";
				VALIDATE_PRODUCT = YES;
			};
			name = Release;
		};
		29AB4AEC2095ABD3002C399B /* Debug */ = {
			isa = XCBuildConfiguration;
			baseConfigurationReference = 49BCDDD5932B9BE90C9DB7AF /* Pods-Tracker.debug.xcconfig */;
			buildSettings = {
				ASSETCATALOG_COMPILER_APPICON_NAME = AppIcon;
				CODE_SIGN_IDENTITY = "iPhone Developer";
				CODE_SIGN_STYLE = Manual;
				DEVELOPMENT_TEAM = 8TDG9HJG95;
				INFOPLIST_FILE = Tracker/Info.plist;
				LD_RUNPATH_SEARCH_PATHS = (
					"$(inherited)",
					"@executable_path/Frameworks",
				);
				PRODUCT_BUNDLE_IDENTIFIER = com.pf.Cape;
				PRODUCT_NAME = "$(TARGET_NAME)";
				PROVISIONING_PROFILE = "3b867824-f96f-4bb4-b028-0a41124d93d1";
				PROVISIONING_PROFILE_SPECIFIER = "PN WILD";
				SWIFT_VERSION = 4.0;
				TARGETED_DEVICE_FAMILY = "1,2";
			};
			name = Debug;
		};
		29AB4AED2095ABD3002C399B /* Release */ = {
			isa = XCBuildConfiguration;
			baseConfigurationReference = 3FA716368A9E10A061C0B1BD /* Pods-Tracker.release.xcconfig */;
			buildSettings = {
				ASSETCATALOG_COMPILER_APPICON_NAME = AppIcon;
				CODE_SIGN_STYLE = Manual;
				DEVELOPMENT_TEAM = 8TDG9HJG95;
				INFOPLIST_FILE = Tracker/Info.plist;
				LD_RUNPATH_SEARCH_PATHS = (
					"$(inherited)",
					"@executable_path/Frameworks",
				);
				PRODUCT_BUNDLE_IDENTIFIER = com.pf.Cape;
				PRODUCT_NAME = "$(TARGET_NAME)";
				PROVISIONING_PROFILE = "3b867824-f96f-4bb4-b028-0a41124d93d1";
				PROVISIONING_PROFILE_SPECIFIER = "PN WILD";
				SWIFT_VERSION = 4.0;
				TARGETED_DEVICE_FAMILY = "1,2";
			};
			name = Release;
		};
/* End XCBuildConfiguration section */

/* Begin XCConfigurationList section */
		29AB4AD22095ABD1002C399B /* Build configuration list for PBXProject "Tracker" */ = {
			isa = XCConfigurationList;
			buildConfigurations = (
				29AB4AE92095ABD3002C399B /* Debug */,
				29AB4AEA2095ABD3002C399B /* Release */,
			);
			defaultConfigurationIsVisible = 0;
			defaultConfigurationName = Release;
		};
		29AB4AEB2095ABD3002C399B /* Build configuration list for PBXNativeTarget "Tracker" */ = {
			isa = XCConfigurationList;
			buildConfigurations = (
				29AB4AEC2095ABD3002C399B /* Debug */,
				29AB4AED2095ABD3002C399B /* Release */,
			);
			defaultConfigurationIsVisible = 0;
			defaultConfigurationName = Release;
		};
/* End XCConfigurationList section */

/* Begin XCVersionGroup section */
		2945AC5120D4454900AE155B /* Tracker.xcdatamodeld */ = {
			isa = XCVersionGroup;
			children = (
				2945AC5220D4454900AE155B /* Tracker.xcdatamodel */,
				2945AC5320D4454900AE155B /* Model.xcdatamodel */,
			);
			currentVersion = 2945AC5220D4454900AE155B /* Tracker.xcdatamodel */;
			path = Tracker.xcdatamodeld;
			sourceTree = "<group>";
			versionGroupType = wrapper.xcdatamodel;
		};
/* End XCVersionGroup section */
	};
	rootObject = 29AB4ACF2095ABD1002C399B /* Project object */;
}
